
Microsoft Visual Studio Solution File, Format Version 12.00
# Visual Studio Version 16
VisualStudioVersion = 16.0.29409.12
MinimumVisualStudioVersion = 10.0.40219.1
Project("{2150E333-8FDC-42A3-9474-1A3956D46DE8}") = "Konzola", "Konzola", "{D1A23157-B192-4D3B-8C98-949D36EC49E4}"
EndProject
Project("{FAE04EC0-301F-11D3-BF4B-00C04F79EFBC}") = "Cast", "Konzola\Cast\Cast.csproj", "{D5D16EDC-A3A2-43B9-BB4F-089778CFDBBB}"
EndProject
Project("{FAE04EC0-301F-11D3-BF4B-00C04F79EFBC}") = "Fajlovi", "Konzola\Fajlovi\Fajlovi.csproj", "{05159C69-3C7C-445A-A9AB-BEBD0AF0BAB5}"
EndProject
Project("{FAE04EC0-301F-11D3-BF4B-00C04F79EFBC}") = "Fibonaci", "Konzola\Fibonaci\Fibonaci.csproj", "{68A75901-CB58-4D1E-886A-401A1677D585}"
EndProject
Project("{FAE04EC0-301F-11D3-BF4B-00C04F79EFBC}") = "FizzBuzz", "Konzola\FizzBuzz\FizzBuzz.csproj", "{1AA8B953-28A8-4470-9EB4-CF0184A33188}"
EndProject
Project("{FAE04EC0-301F-11D3-BF4B-00C04F79EFBC}") = "Karakter", "Konzola\Karakter\Karakter.csproj", "{220F4D06-65C3-487E-8FE6-EC136548C1A3}"
EndProject
Project("{FAE04EC0-301F-11D3-BF4B-00C04F79EFBC}") = "Kolatz", "Konzola\Kolatz\Kolatz.csproj", "{3A6F4666-8746-4061-851E-78C9FF61FAD6}"
EndProject
Project("{FAE04EC0-301F-11D3-BF4B-00C04F79EFBC}") = "Liste", "Konzola\Liste\Liste.csproj", "{08B259FC-D927-492E-A7CE-88904E284F9D}"
EndProject
Project("{FAE04EC0-301F-11D3-BF4B-00C04F79EFBC}") = "Metode", "Konzola\Metode\Metode.csproj", "{73BB3DD7-CF80-4B2F-B4C6-476819F1B01A}"
EndProject
Project("{FAE04EC0-301F-11D3-BF4B-00C04F79EFBC}") = "Mine", "Konzola\Mine\Mine.csproj", "{A9902F29-30F0-4DDC-8874-54733BD6DA93}"
EndProject
Project("{FAE04EC0-301F-11D3-BF4B-00C04F79EFBC}") = "Petlje", "Konzola\Petlje\Petlje.csproj", "{AF0A8C57-EF2F-42E4-BE5C-8D248641B762}"
EndProject
Project("{FAE04EC0-301F-11D3-BF4B-00C04F79EFBC}") = "Pravougaonik", "Konzola\Pravougaonik\Pravougaonik.csproj", "{45E1ECC6-3582-4B2D-8D1D-B9BAC91E4640}"
EndProject
Project("{FAE04EC0-301F-11D3-BF4B-00C04F79EFBC}") = "Promenljive", "Konzola\Promenljive\Promenljive.csproj", "{692F9A01-7037-475E-813A-9D646EBA79F6}"
EndProject
Project("{FAE04EC0-301F-11D3-BF4B-00C04F79EFBC}") = "PrviDomaci", "Konzola\PrviDomaci\PrviDomaci.csproj", "{78A0A214-3870-4CF4-A789-4A64AB142327}"
EndProject
Project("{FAE04EC0-301F-11D3-BF4B-00C04F79EFBC}") = "Sifriranje", "Konzola\Sifriranje\Sifriranje.csproj", "{E36B38F3-8C99-488C-A121-660BF691852D}"
EndProject
Project("{FAE04EC0-301F-11D3-BF4B-00C04F79EFBC}") = "Static", "Konzola\Static\Static.csproj", "{6369801E-7F46-40C9-BDA3-EBFB410EEFC6}"
EndProject
Project("{FAE04EC0-301F-11D3-BF4B-00C04F79EFBC}") = "TelefonskiImenik", "Konzola\TelefonskiImenik\TelefonskiImenik.csproj", "{D3FB09A2-9C9D-4E20-8B96-EB28A724AB8A}"
EndProject
Project("{FAE04EC0-301F-11D3-BF4B-00C04F79EFBC}") = "Try i Try parse", "Konzola\Try i Try parse\Try i Try parse.csproj", "{4C6AC3E5-2287-4B52-9A3E-31564EF22051}"
EndProject
Project("{FAE04EC0-301F-11D3-BF4B-00C04F79EFBC}") = "Tuple", "Konzola\Tuple\Tuple.csproj", "{2B2B1CC0-C50A-4556-BF60-3E1BF5D98420}"
EndProject
Project("{FAE04EC0-301F-11D3-BF4B-00C04F79EFBC}") = "Unos", "Konzola\Unos\Unos.csproj", "{03C54BAA-7C18-4B0D-8DA7-6ED1939D9EA2}"
EndProject
Project("{2150E333-8FDC-42A3-9474-1A3956D46DE8}") = "WPF primeri", "WPF primeri", "{8AB0056C-53D5-4B02-AB1F-3C45AF548753}"
EndProject
Project("{FAE04EC0-301F-11D3-BF4B-00C04F79EFBC}") = "WPF", "WPFprimeri\WPF\WPF.csproj", "{18920B86-0445-467B-BA5C-7C6354878FAB}"
EndProject
Project("{FAE04EC0-301F-11D3-BF4B-00C04F79EFBC}") = "WpfArtikal", "WPFprimeri\Wpfa\WpfArtikal.csproj", "{ADEB31DC-5427-468F-9AB1-F430120F4259}"
EndProject
Project("{2150E333-8FDC-42A3-9474-1A3956D46DE8}") = "POS", "POS", "{A2F8C734-517B-43F2-B24D-755142CAABF0}"
EndProject
Project("{FAE04EC0-301F-11D3-BF4B-00C04F79EFBC}") = "POSv1", "POSovi\POSv1\POSv1.csproj", "{3A1DA096-F34A-4218-B2F7-B7500A4964D5}"
EndProject
Project("{FAE04EC0-301F-11D3-BF4B-00C04F79EFBC}") = "POSv2", "POSovi\POSv2\POSv2.csproj", "{974BED5C-5E89-432A-98C3-DDB565CF79AC}"
EndProject
Project("{2150E333-8FDC-42A3-9474-1A3956D46DE8}") = "Kalkulatori", "Kalkulatori", "{2D583A0C-C522-46C3-8A76-1391F0AEA520}"
EndProject
Project("{FAE04EC0-301F-11D3-BF4B-00C04F79EFBC}") = "Calc", "Kalkultori\Calc\Calc.csproj", "{C48FF1E7-02C7-465E-A7A3-D4790CE57E15}"
EndProject
Project("{FAE04EC0-301F-11D3-BF4B-00C04F79EFBC}") = "Calculator", "Kalkultori\Calculator\Calculator.csproj", "{E2ED7ADD-36DB-4752-8625-FA5CDFBBFF2F}"
EndProject
Project("{2150E333-8FDC-42A3-9474-1A3956D46DE8}") = "WPF POS", "WPF POS", "{D281A0E9-CFEB-4CE9-96A5-9BE748B5B5EF}"
EndProject
Project("{FAE04EC0-301F-11D3-BF4B-00C04F79EFBC}") = "Multi", "WPFPOS\Multi\Multi.csproj", "{B31A4833-7B06-485B-AA9F-5C8F56354C16}"
EndProject
Project("{FAE04EC0-301F-11D3-BF4B-00C04F79EFBC}") = "MutliWindowEdit", "WPFPOS\MutliWindowEdit\MutliWindowEdit.csproj", "{32ACDF02-356B-42E9-80CD-7B95D3BF1350}"
EndProject
Project("{FAE04EC0-301F-11D3-BF4B-00C04F79EFBC}") = "mw", "WPFPOS\mw\mw.csproj", "{C1C9CBCB-BBFF-4094-BE04-7EF298B64020}"
EndProject
Project("{2150E333-8FDC-42A3-9474-1A3956D46DE8}") = "OOP", "OOP", "{C2BD0696-75F6-4484-9499-911587866D2F}"
EndProject
Project("{FAE04EC0-301F-11D3-BF4B-00C04F79EFBC}") = "Nasledjivanje", "Nasledjivanje\Nasledjivanje.csproj", "{AB9E4292-E136-471E-903F-35CE77EF28DF}"
EndProject
Project("{FAE04EC0-301F-11D3-BF4B-00C04F79EFBC}") = "Registar", "Registar\Registar.csproj", "{169666BE-EECB-4C27-B636-628F5E234E5E}"
EndProject
Project("{FAE04EC0-301F-11D3-BF4B-00C04F79EFBC}") = "Tab", "Tab\Tab.csproj", "{392E2E23-86AF-4BFC-8758-8A78E57FCC1C}"
EndProject
Project("{2150E333-8FDC-42A3-9474-1A3956D46DE8}") = "EF", "EF", "{E1484827-6A59-4204-94D9-4B15C8D55D8A}"
EndProject
Project("{FAE04EC0-301F-11D3-BF4B-00C04F79EFBC}") = "WPF Entity Framework", "WPF Entity Framework\WPF Entity Framework.csproj", "{E0335279-808B-470F-93B6-C5C7F3894CDB}"
EndProject
Project("{FAE04EC0-301F-11D3-BF4B-00C04F79EFBC}") = "Ispiti", "Ispiti\Ispiti.csproj", "{69AB2CBB-AF51-4D09-99A6-68E833BCE936}"
EndProject
Project("{FAE04EC0-301F-11D3-BF4B-00C04F79EFBC}") = "Ispiti2", "Ispiti2\Ispiti2.csproj", "{D7225497-E6F0-4B27-A49D-DA4B26751053}"
EndProject
Project("{FAE04EC0-301F-11D3-BF4B-00C04F79EFBC}") = "Delegati", "Delegati\Delegati.csproj", "{2B32D0FC-2CF0-4AFB-BB2F-C4525C3D610B}"
EndProject
Project("{FAE04EC0-301F-11D3-BF4B-00C04F79EFBC}") = "Commanding", "Commanding\Commanding.csproj", "{2C8C78C5-F89B-4DE8-B2F3-179515434EAB}"
EndProject
Global
	GlobalSection(SolutionConfigurationPlatforms) = preSolution
		Debug|Any CPU = Debug|Any CPU
		Release|Any CPU = Release|Any CPU
	EndGlobalSection
	GlobalSection(ProjectConfigurationPlatforms) = postSolution
		{D5D16EDC-A3A2-43B9-BB4F-089778CFDBBB}.Debug|Any CPU.ActiveCfg = Debug|Any CPU
		{D5D16EDC-A3A2-43B9-BB4F-089778CFDBBB}.Debug|Any CPU.Build.0 = Debug|Any CPU
		{D5D16EDC-A3A2-43B9-BB4F-089778CFDBBB}.Release|Any CPU.ActiveCfg = Release|Any CPU
		{D5D16EDC-A3A2-43B9-BB4F-089778CFDBBB}.Release|Any CPU.Build.0 = Release|Any CPU
		{05159C69-3C7C-445A-A9AB-BEBD0AF0BAB5}.Debug|Any CPU.ActiveCfg = Debug|Any CPU
		{05159C69-3C7C-445A-A9AB-BEBD0AF0BAB5}.Debug|Any CPU.Build.0 = Debug|Any CPU
		{05159C69-3C7C-445A-A9AB-BEBD0AF0BAB5}.Release|Any CPU.ActiveCfg = Release|Any CPU
		{05159C69-3C7C-445A-A9AB-BEBD0AF0BAB5}.Release|Any CPU.Build.0 = Release|Any CPU
		{68A75901-CB58-4D1E-886A-401A1677D585}.Debug|Any CPU.ActiveCfg = Debug|Any CPU
		{68A75901-CB58-4D1E-886A-401A1677D585}.Debug|Any CPU.Build.0 = Debug|Any CPU
		{68A75901-CB58-4D1E-886A-401A1677D585}.Release|Any CPU.ActiveCfg = Release|Any CPU
		{68A75901-CB58-4D1E-886A-401A1677D585}.Release|Any CPU.Build.0 = Release|Any CPU
		{1AA8B953-28A8-4470-9EB4-CF0184A33188}.Debug|Any CPU.ActiveCfg = Debug|Any CPU
		{1AA8B953-28A8-4470-9EB4-CF0184A33188}.Debug|Any CPU.Build.0 = Debug|Any CPU
		{1AA8B953-28A8-4470-9EB4-CF0184A33188}.Release|Any CPU.ActiveCfg = Release|Any CPU
		{1AA8B953-28A8-4470-9EB4-CF0184A33188}.Release|Any CPU.Build.0 = Release|Any CPU
		{220F4D06-65C3-487E-8FE6-EC136548C1A3}.Debug|Any CPU.ActiveCfg = Debug|Any CPU
		{220F4D06-65C3-487E-8FE6-EC136548C1A3}.Debug|Any CPU.Build.0 = Debug|Any CPU
		{220F4D06-65C3-487E-8FE6-EC136548C1A3}.Release|Any CPU.ActiveCfg = Release|Any CPU
		{220F4D06-65C3-487E-8FE6-EC136548C1A3}.Release|Any CPU.Build.0 = Release|Any CPU
		{3A6F4666-8746-4061-851E-78C9FF61FAD6}.Debug|Any CPU.ActiveCfg = Debug|Any CPU
		{3A6F4666-8746-4061-851E-78C9FF61FAD6}.Debug|Any CPU.Build.0 = Debug|Any CPU
		{3A6F4666-8746-4061-851E-78C9FF61FAD6}.Release|Any CPU.ActiveCfg = Release|Any CPU
		{3A6F4666-8746-4061-851E-78C9FF61FAD6}.Release|Any CPU.Build.0 = Release|Any CPU
		{08B259FC-D927-492E-A7CE-88904E284F9D}.Debug|Any CPU.ActiveCfg = Debug|Any CPU
		{08B259FC-D927-492E-A7CE-88904E284F9D}.Debug|Any CPU.Build.0 = Debug|Any CPU
		{08B259FC-D927-492E-A7CE-88904E284F9D}.Release|Any CPU.ActiveCfg = Release|Any CPU
		{08B259FC-D927-492E-A7CE-88904E284F9D}.Release|Any CPU.Build.0 = Release|Any CPU
		{73BB3DD7-CF80-4B2F-B4C6-476819F1B01A}.Debug|Any CPU.ActiveCfg = Debug|Any CPU
		{73BB3DD7-CF80-4B2F-B4C6-476819F1B01A}.Debug|Any CPU.Build.0 = Debug|Any CPU
		{73BB3DD7-CF80-4B2F-B4C6-476819F1B01A}.Release|Any CPU.ActiveCfg = Release|Any CPU
		{73BB3DD7-CF80-4B2F-B4C6-476819F1B01A}.Release|Any CPU.Build.0 = Release|Any CPU
		{A9902F29-30F0-4DDC-8874-54733BD6DA93}.Debug|Any CPU.ActiveCfg = Debug|Any CPU
		{A9902F29-30F0-4DDC-8874-54733BD6DA93}.Debug|Any CPU.Build.0 = Debug|Any CPU
		{A9902F29-30F0-4DDC-8874-54733BD6DA93}.Release|Any CPU.ActiveCfg = Release|Any CPU
		{A9902F29-30F0-4DDC-8874-54733BD6DA93}.Release|Any CPU.Build.0 = Release|Any CPU
		{AF0A8C57-EF2F-42E4-BE5C-8D248641B762}.Debug|Any CPU.ActiveCfg = Debug|Any CPU
		{AF0A8C57-EF2F-42E4-BE5C-8D248641B762}.Debug|Any CPU.Build.0 = Debug|Any CPU
		{AF0A8C57-EF2F-42E4-BE5C-8D248641B762}.Release|Any CPU.ActiveCfg = Release|Any CPU
		{AF0A8C57-EF2F-42E4-BE5C-8D248641B762}.Release|Any CPU.Build.0 = Release|Any CPU
		{45E1ECC6-3582-4B2D-8D1D-B9BAC91E4640}.Debug|Any CPU.ActiveCfg = Debug|Any CPU
		{45E1ECC6-3582-4B2D-8D1D-B9BAC91E4640}.Debug|Any CPU.Build.0 = Debug|Any CPU
		{45E1ECC6-3582-4B2D-8D1D-B9BAC91E4640}.Release|Any CPU.ActiveCfg = Release|Any CPU
		{45E1ECC6-3582-4B2D-8D1D-B9BAC91E4640}.Release|Any CPU.Build.0 = Release|Any CPU
		{692F9A01-7037-475E-813A-9D646EBA79F6}.Debug|Any CPU.ActiveCfg = Debug|Any CPU
		{692F9A01-7037-475E-813A-9D646EBA79F6}.Debug|Any CPU.Build.0 = Debug|Any CPU
		{692F9A01-7037-475E-813A-9D646EBA79F6}.Release|Any CPU.ActiveCfg = Release|Any CPU
		{692F9A01-7037-475E-813A-9D646EBA79F6}.Release|Any CPU.Build.0 = Release|Any CPU
		{78A0A214-3870-4CF4-A789-4A64AB142327}.Debug|Any CPU.ActiveCfg = Debug|Any CPU
		{78A0A214-3870-4CF4-A789-4A64AB142327}.Debug|Any CPU.Build.0 = Debug|Any CPU
		{78A0A214-3870-4CF4-A789-4A64AB142327}.Release|Any CPU.ActiveCfg = Release|Any CPU
		{78A0A214-3870-4CF4-A789-4A64AB142327}.Release|Any CPU.Build.0 = Release|Any CPU
		{E36B38F3-8C99-488C-A121-660BF691852D}.Debug|Any CPU.ActiveCfg = Debug|Any CPU
		{E36B38F3-8C99-488C-A121-660BF691852D}.Debug|Any CPU.Build.0 = Debug|Any CPU
		{E36B38F3-8C99-488C-A121-660BF691852D}.Release|Any CPU.ActiveCfg = Release|Any CPU
		{E36B38F3-8C99-488C-A121-660BF691852D}.Release|Any CPU.Build.0 = Release|Any CPU
		{6369801E-7F46-40C9-BDA3-EBFB410EEFC6}.Debug|Any CPU.ActiveCfg = Debug|Any CPU
		{6369801E-7F46-40C9-BDA3-EBFB410EEFC6}.Debug|Any CPU.Build.0 = Debug|Any CPU
		{6369801E-7F46-40C9-BDA3-EBFB410EEFC6}.Release|Any CPU.ActiveCfg = Release|Any CPU
		{6369801E-7F46-40C9-BDA3-EBFB410EEFC6}.Release|Any CPU.Build.0 = Release|Any CPU
		{D3FB09A2-9C9D-4E20-8B96-EB28A724AB8A}.Debug|Any CPU.ActiveCfg = Debug|Any CPU
		{D3FB09A2-9C9D-4E20-8B96-EB28A724AB8A}.Debug|Any CPU.Build.0 = Debug|Any CPU
		{D3FB09A2-9C9D-4E20-8B96-EB28A724AB8A}.Release|Any CPU.ActiveCfg = Release|Any CPU
		{D3FB09A2-9C9D-4E20-8B96-EB28A724AB8A}.Release|Any CPU.Build.0 = Release|Any CPU
		{4C6AC3E5-2287-4B52-9A3E-31564EF22051}.Debug|Any CPU.ActiveCfg = Debug|Any CPU
		{4C6AC3E5-2287-4B52-9A3E-31564EF22051}.Debug|Any CPU.Build.0 = Debug|Any CPU
		{4C6AC3E5-2287-4B52-9A3E-31564EF22051}.Release|Any CPU.ActiveCfg = Release|Any CPU
		{4C6AC3E5-2287-4B52-9A3E-31564EF22051}.Release|Any CPU.Build.0 = Release|Any CPU
		{2B2B1CC0-C50A-4556-BF60-3E1BF5D98420}.Debug|Any CPU.ActiveCfg = Debug|Any CPU
		{2B2B1CC0-C50A-4556-BF60-3E1BF5D98420}.Debug|Any CPU.Build.0 = Debug|Any CPU
		{2B2B1CC0-C50A-4556-BF60-3E1BF5D98420}.Release|Any CPU.ActiveCfg = Release|Any CPU
		{2B2B1CC0-C50A-4556-BF60-3E1BF5D98420}.Release|Any CPU.Build.0 = Release|Any CPU
		{03C54BAA-7C18-4B0D-8DA7-6ED1939D9EA2}.Debug|Any CPU.ActiveCfg = Debug|Any CPU
		{03C54BAA-7C18-4B0D-8DA7-6ED1939D9EA2}.Debug|Any CPU.Build.0 = Debug|Any CPU
		{03C54BAA-7C18-4B0D-8DA7-6ED1939D9EA2}.Release|Any CPU.ActiveCfg = Release|Any CPU
		{03C54BAA-7C18-4B0D-8DA7-6ED1939D9EA2}.Release|Any CPU.Build.0 = Release|Any CPU
		{18920B86-0445-467B-BA5C-7C6354878FAB}.Debug|Any CPU.ActiveCfg = Debug|Any CPU
		{18920B86-0445-467B-BA5C-7C6354878FAB}.Debug|Any CPU.Build.0 = Debug|Any CPU
		{18920B86-0445-467B-BA5C-7C6354878FAB}.Release|Any CPU.ActiveCfg = Release|Any CPU
		{18920B86-0445-467B-BA5C-7C6354878FAB}.Release|Any CPU.Build.0 = Release|Any CPU
		{ADEB31DC-5427-468F-9AB1-F430120F4259}.Debug|Any CPU.ActiveCfg = Debug|Any CPU
		{ADEB31DC-5427-468F-9AB1-F430120F4259}.Debug|Any CPU.Build.0 = Debug|Any CPU
		{ADEB31DC-5427-468F-9AB1-F430120F4259}.Release|Any CPU.ActiveCfg = Release|Any CPU
		{ADEB31DC-5427-468F-9AB1-F430120F4259}.Release|Any CPU.Build.0 = Release|Any CPU
		{3A1DA096-F34A-4218-B2F7-B7500A4964D5}.Debug|Any CPU.ActiveCfg = Debug|Any CPU
		{3A1DA096-F34A-4218-B2F7-B7500A4964D5}.Debug|Any CPU.Build.0 = Debug|Any CPU
		{3A1DA096-F34A-4218-B2F7-B7500A4964D5}.Release|Any CPU.ActiveCfg = Release|Any CPU
		{3A1DA096-F34A-4218-B2F7-B7500A4964D5}.Release|Any CPU.Build.0 = Release|Any CPU
		{974BED5C-5E89-432A-98C3-DDB565CF79AC}.Debug|Any CPU.ActiveCfg = Debug|Any CPU
		{974BED5C-5E89-432A-98C3-DDB565CF79AC}.Debug|Any CPU.Build.0 = Debug|Any CPU
		{974BED5C-5E89-432A-98C3-DDB565CF79AC}.Release|Any CPU.ActiveCfg = Release|Any CPU
		{974BED5C-5E89-432A-98C3-DDB565CF79AC}.Release|Any CPU.Build.0 = Release|Any CPU
		{C48FF1E7-02C7-465E-A7A3-D4790CE57E15}.Debug|Any CPU.ActiveCfg = Debug|Any CPU
		{C48FF1E7-02C7-465E-A7A3-D4790CE57E15}.Debug|Any CPU.Build.0 = Debug|Any CPU
		{C48FF1E7-02C7-465E-A7A3-D4790CE57E15}.Release|Any CPU.ActiveCfg = Release|Any CPU
		{C48FF1E7-02C7-465E-A7A3-D4790CE57E15}.Release|Any CPU.Build.0 = Release|Any CPU
		{E2ED7ADD-36DB-4752-8625-FA5CDFBBFF2F}.Debug|Any CPU.ActiveCfg = Debug|Any CPU
		{E2ED7ADD-36DB-4752-8625-FA5CDFBBFF2F}.Debug|Any CPU.Build.0 = Debug|Any CPU
		{E2ED7ADD-36DB-4752-8625-FA5CDFBBFF2F}.Release|Any CPU.ActiveCfg = Release|Any CPU
		{E2ED7ADD-36DB-4752-8625-FA5CDFBBFF2F}.Release|Any CPU.Build.0 = Release|Any CPU
		{B31A4833-7B06-485B-AA9F-5C8F56354C16}.Debug|Any CPU.ActiveCfg = Debug|Any CPU
		{B31A4833-7B06-485B-AA9F-5C8F56354C16}.Debug|Any CPU.Build.0 = Debug|Any CPU
		{B31A4833-7B06-485B-AA9F-5C8F56354C16}.Release|Any CPU.ActiveCfg = Release|Any CPU
		{B31A4833-7B06-485B-AA9F-5C8F56354C16}.Release|Any CPU.Build.0 = Release|Any CPU
		{32ACDF02-356B-42E9-80CD-7B95D3BF1350}.Debug|Any CPU.ActiveCfg = Debug|Any CPU
		{32ACDF02-356B-42E9-80CD-7B95D3BF1350}.Debug|Any CPU.Build.0 = Debug|Any CPU
		{32ACDF02-356B-42E9-80CD-7B95D3BF1350}.Release|Any CPU.ActiveCfg = Release|Any CPU
		{32ACDF02-356B-42E9-80CD-7B95D3BF1350}.Release|Any CPU.Build.0 = Release|Any CPU
		{C1C9CBCB-BBFF-4094-BE04-7EF298B64020}.Debug|Any CPU.ActiveCfg = Debug|Any CPU
		{C1C9CBCB-BBFF-4094-BE04-7EF298B64020}.Debug|Any CPU.Build.0 = Debug|Any CPU
		{C1C9CBCB-BBFF-4094-BE04-7EF298B64020}.Release|Any CPU.ActiveCfg = Release|Any CPU
		{C1C9CBCB-BBFF-4094-BE04-7EF298B64020}.Release|Any CPU.Build.0 = Release|Any CPU
		{AB9E4292-E136-471E-903F-35CE77EF28DF}.Debug|Any CPU.ActiveCfg = Debug|Any CPU
		{AB9E4292-E136-471E-903F-35CE77EF28DF}.Debug|Any CPU.Build.0 = Debug|Any CPU
		{AB9E4292-E136-471E-903F-35CE77EF28DF}.Release|Any CPU.ActiveCfg = Release|Any CPU
		{AB9E4292-E136-471E-903F-35CE77EF28DF}.Release|Any CPU.Build.0 = Release|Any CPU
		{169666BE-EECB-4C27-B636-628F5E234E5E}.Debug|Any CPU.ActiveCfg = Debug|Any CPU
		{169666BE-EECB-4C27-B636-628F5E234E5E}.Debug|Any CPU.Build.0 = Debug|Any CPU
		{169666BE-EECB-4C27-B636-628F5E234E5E}.Release|Any CPU.ActiveCfg = Release|Any CPU
		{169666BE-EECB-4C27-B636-628F5E234E5E}.Release|Any CPU.Build.0 = Release|Any CPU
		{392E2E23-86AF-4BFC-8758-8A78E57FCC1C}.Debug|Any CPU.ActiveCfg = Debug|Any CPU
		{392E2E23-86AF-4BFC-8758-8A78E57FCC1C}.Debug|Any CPU.Build.0 = Debug|Any CPU
		{392E2E23-86AF-4BFC-8758-8A78E57FCC1C}.Release|Any CPU.ActiveCfg = Release|Any CPU
		{392E2E23-86AF-4BFC-8758-8A78E57FCC1C}.Release|Any CPU.Build.0 = Release|Any CPU
		{E0335279-808B-470F-93B6-C5C7F3894CDB}.Debug|Any CPU.ActiveCfg = Debug|Any CPU
		{E0335279-808B-470F-93B6-C5C7F3894CDB}.Debug|Any CPU.Build.0 = Debug|Any CPU
		{E0335279-808B-470F-93B6-C5C7F3894CDB}.Release|Any CPU.ActiveCfg = Release|Any CPU
		{E0335279-808B-470F-93B6-C5C7F3894CDB}.Release|Any CPU.Build.0 = Release|Any CPU
		{69AB2CBB-AF51-4D09-99A6-68E833BCE936}.Debug|Any CPU.ActiveCfg = Debug|Any CPU
		{69AB2CBB-AF51-4D09-99A6-68E833BCE936}.Debug|Any CPU.Build.0 = Debug|Any CPU
		{69AB2CBB-AF51-4D09-99A6-68E833BCE936}.Release|Any CPU.ActiveCfg = Release|Any CPU
		{69AB2CBB-AF51-4D09-99A6-68E833BCE936}.Release|Any CPU.Build.0 = Release|Any CPU
		{D7225497-E6F0-4B27-A49D-DA4B26751053}.Debug|Any CPU.ActiveCfg = Debug|Any CPU
		{D7225497-E6F0-4B27-A49D-DA4B26751053}.Debug|Any CPU.Build.0 = Debug|Any CPU
		{D7225497-E6F0-4B27-A49D-DA4B26751053}.Release|Any CPU.ActiveCfg = Release|Any CPU
		{D7225497-E6F0-4B27-A49D-DA4B26751053}.Release|Any CPU.Build.0 = Release|Any CPU
		{2B32D0FC-2CF0-4AFB-BB2F-C4525C3D610B}.Debug|Any CPU.ActiveCfg = Debug|Any CPU
		{2B32D0FC-2CF0-4AFB-BB2F-C4525C3D610B}.Debug|Any CPU.Build.0 = Debug|Any CPU
		{2B32D0FC-2CF0-4AFB-BB2F-C4525C3D610B}.Release|Any CPU.ActiveCfg = Release|Any CPU
		{2B32D0FC-2CF0-4AFB-BB2F-C4525C3D610B}.Release|Any CPU.Build.0 = Release|Any CPU
		{2C8C78C5-F89B-4DE8-B2F3-179515434EAB}.Debug|Any CPU.ActiveCfg = Debug|Any CPU
		{2C8C78C5-F89B-4DE8-B2F3-179515434EAB}.Debug|Any CPU.Build.0 = Debug|Any CPU
		{2C8C78C5-F89B-4DE8-B2F3-179515434EAB}.Release|Any CPU.ActiveCfg = Release|Any CPU
		{2C8C78C5-F89B-4DE8-B2F3-179515434EAB}.Release|Any CPU.Build.0 = Release|Any CPU
	EndGlobalSection
	GlobalSection(SolutionProperties) = preSolution
		HideSolutionNode = FALSE
	EndGlobalSection
	GlobalSection(NestedProjects) = preSolution
		{D5D16EDC-A3A2-43B9-BB4F-089778CFDBBB} = {D1A23157-B192-4D3B-8C98-949D36EC49E4}
		{05159C69-3C7C-445A-A9AB-BEBD0AF0BAB5} = {D1A23157-B192-4D3B-8C98-949D36EC49E4}
		{68A75901-CB58-4D1E-886A-401A1677D585} = {D1A23157-B192-4D3B-8C98-949D36EC49E4}
		{1AA8B953-28A8-4470-9EB4-CF0184A33188} = {D1A23157-B192-4D3B-8C98-949D36EC49E4}
		{220F4D06-65C3-487E-8FE6-EC136548C1A3} = {D1A23157-B192-4D3B-8C98-949D36EC49E4}
		{3A6F4666-8746-4061-851E-78C9FF61FAD6} = {D1A23157-B192-4D3B-8C98-949D36EC49E4}
		{08B259FC-D927-492E-A7CE-88904E284F9D} = {D1A23157-B192-4D3B-8C98-949D36EC49E4}
		{73BB3DD7-CF80-4B2F-B4C6-476819F1B01A} = {D1A23157-B192-4D3B-8C98-949D36EC49E4}
		{A9902F29-30F0-4DDC-8874-54733BD6DA93} = {D1A23157-B192-4D3B-8C98-949D36EC49E4}
		{AF0A8C57-EF2F-42E4-BE5C-8D248641B762} = {D1A23157-B192-4D3B-8C98-949D36EC49E4}
		{45E1ECC6-3582-4B2D-8D1D-B9BAC91E4640} = {D1A23157-B192-4D3B-8C98-949D36EC49E4}
		{692F9A01-7037-475E-813A-9D646EBA79F6} = {D1A23157-B192-4D3B-8C98-949D36EC49E4}
		{78A0A214-3870-4CF4-A789-4A64AB142327} = {D1A23157-B192-4D3B-8C98-949D36EC49E4}
		{E36B38F3-8C99-488C-A121-660BF691852D} = {D1A23157-B192-4D3B-8C98-949D36EC49E4}
		{6369801E-7F46-40C9-BDA3-EBFB410EEFC6} = {D1A23157-B192-4D3B-8C98-949D36EC49E4}
		{D3FB09A2-9C9D-4E20-8B96-EB28A724AB8A} = {D1A23157-B192-4D3B-8C98-949D36EC49E4}
		{4C6AC3E5-2287-4B52-9A3E-31564EF22051} = {D1A23157-B192-4D3B-8C98-949D36EC49E4}
		{2B2B1CC0-C50A-4556-BF60-3E1BF5D98420} = {D1A23157-B192-4D3B-8C98-949D36EC49E4}
		{03C54BAA-7C18-4B0D-8DA7-6ED1939D9EA2} = {D1A23157-B192-4D3B-8C98-949D36EC49E4}
		{18920B86-0445-467B-BA5C-7C6354878FAB} = {8AB0056C-53D5-4B02-AB1F-3C45AF548753}
		{ADEB31DC-5427-468F-9AB1-F430120F4259} = {8AB0056C-53D5-4B02-AB1F-3C45AF548753}
		{3A1DA096-F34A-4218-B2F7-B7500A4964D5} = {A2F8C734-517B-43F2-B24D-755142CAABF0}
		{974BED5C-5E89-432A-98C3-DDB565CF79AC} = {A2F8C734-517B-43F2-B24D-755142CAABF0}
		{C48FF1E7-02C7-465E-A7A3-D4790CE57E15} = {2D583A0C-C522-46C3-8A76-1391F0AEA520}
		{E2ED7ADD-36DB-4752-8625-FA5CDFBBFF2F} = {2D583A0C-C522-46C3-8A76-1391F0AEA520}
		{B31A4833-7B06-485B-AA9F-5C8F56354C16} = {D281A0E9-CFEB-4CE9-96A5-9BE748B5B5EF}
		{32ACDF02-356B-42E9-80CD-7B95D3BF1350} = {D281A0E9-CFEB-4CE9-96A5-9BE748B5B5EF}
		{C1C9CBCB-BBFF-4094-BE04-7EF298B64020} = {D281A0E9-CFEB-4CE9-96A5-9BE748B5B5EF}
		{AB9E4292-E136-471E-903F-35CE77EF28DF} = {C2BD0696-75F6-4484-9499-911587866D2F}
		{169666BE-EECB-4C27-B636-628F5E234E5E} = {C2BD0696-75F6-4484-9499-911587866D2F}
		{392E2E23-86AF-4BFC-8758-8A78E57FCC1C} = {8AB0056C-53D5-4B02-AB1F-3C45AF548753}
		{E0335279-808B-470F-93B6-C5C7F3894CDB} = {E1484827-6A59-4204-94D9-4B15C8D55D8A}
		{69AB2CBB-AF51-4D09-99A6-68E833BCE936} = {8AB0056C-53D5-4B02-AB1F-3C45AF548753}
		{D7225497-E6F0-4B27-A49D-DA4B26751053} = {8AB0056C-53D5-4B02-AB1F-3C45AF548753}
		{2B32D0FC-2CF0-4AFB-BB2F-C4525C3D610B} = {8AB0056C-53D5-4B02-AB1F-3C45AF548753}
		{2C8C78C5-F89B-4DE8-B2F3-179515434EAB} = {8AB0056C-53D5-4B02-AB1F-3C45AF548753}
	EndGlobalSection
	GlobalSection(ExtensibilityGlobals) = postSolution
		SolutionGuid = {5639B62F-32CD-4402-9E31-A5AAE9F6F9F7}
	EndGlobalSection
EndGlobal
