
Microsoft Visual Studio Solution File, Format Version 12.00
# Visual Studio Version 16
VisualStudioVersion = 16.0.29409.12
MinimumVisualStudioVersion = 10.0.40219.1
Project("{FAE04EC0-301F-11D3-BF4B-00C04F79EFBC}") = "Promenljive", "Promenljive\Promenljive.csproj", "{692F9A01-7037-475E-813A-9D646EBA79F6}"
EndProject
Project("{FAE04EC0-301F-11D3-BF4B-00C04F79EFBC}") = "Cast", "Cast\Cast.csproj", "{D5D16EDC-A3A2-43B9-BB4F-089778CFDBBB}"
EndProject
Project("{FAE04EC0-301F-11D3-BF4B-00C04F79EFBC}") = "Unos", "Unos\Unos.csproj", "{03C54BAA-7C18-4B0D-8DA7-6ED1939D9EA2}"
EndProject
Project("{FAE04EC0-301F-11D3-BF4B-00C04F79EFBC}") = "Karakter", "Karakter\Karakter.csproj", "{220F4D06-65C3-487E-8FE6-EC136548C1A3}"
EndProject
Project("{FAE04EC0-301F-11D3-BF4B-00C04F79EFBC}") = "Petlje", "Petlje\Petlje.csproj", "{AF0A8C57-EF2F-42E4-BE5C-8D248641B762}"
EndProject
Project("{2150E333-8FDC-42A3-9474-1A3956D46DE8}") = "Primeri", "Primeri", "{02541FB0-0DDE-4060-8422-816F598D2305}"
EndProject
Project("{FAE04EC0-301F-11D3-BF4B-00C04F79EFBC}") = "PrviDomaci", "PrviDomaci\PrviDomaci.csproj", "{78A0A214-3870-4CF4-A789-4A64AB142327}"
EndProject
Project("{FAE04EC0-301F-11D3-BF4B-00C04F79EFBC}") = "TelefonskiImenik", "TelefonskiImenik\TelefonskiImenik\TelefonskiImenik.csproj", "{D3FB09A2-9C9D-4E20-8B96-EB28A724AB8A}"
EndProject
Project("{FAE04EC0-301F-11D3-BF4B-00C04F79EFBC}") = "Tuple", "Tuple\Tuple.csproj", "{2B2B1CC0-C50A-4556-BF60-3E1BF5D98420}"
EndProject
Project("{FAE04EC0-301F-11D3-BF4B-00C04F79EFBC}") = "Domaci", "Domaci\Domaci.csproj", "{F4B18EC9-6DFF-480C-9201-6CD0D75E8994}"
EndProject
Project("{2150E333-8FDC-42A3-9474-1A3956D46DE8}") = "Zadaci", "Zadaci", "{10B7148E-8BE5-4704-8494-2C66DCD50A3B}"
EndProject
Project("{FAE04EC0-301F-11D3-BF4B-00C04F79EFBC}") = "FizzBuzz", "FizzBuzz\FizzBuzz\FizzBuzz.csproj", "{1AA8B953-28A8-4470-9EB4-CF0184A33188}"
EndProject
Project("{FAE04EC0-301F-11D3-BF4B-00C04F79EFBC}") = "Kolatz", "Kolatz\Kolatz\Kolatz.csproj", "{3A6F4666-8746-4061-851E-78C9FF61FAD6}"
EndProject
Project("{FAE04EC0-301F-11D3-BF4B-00C04F79EFBC}") = "Fibonaci", "Fibonaci\Fibonaci\Fibonaci.csproj", "{68A75901-CB58-4D1E-886A-401A1677D585}"
EndProject
Project("{FAE04EC0-301F-11D3-BF4B-00C04F79EFBC}") = "Sifriranje", "Sifriranje\Sifriranje\Sifriranje.csproj", "{E36B38F3-8C99-488C-A121-660BF691852D}"
EndProject
Project("{FAE04EC0-301F-11D3-BF4B-00C04F79EFBC}") = "Pravougaonik", "Pravougaonik\Pravougaonik.csproj", "{45E1ECC6-3582-4B2D-8D1D-B9BAC91E4640}"
EndProject
Project("{FAE04EC0-301F-11D3-BF4B-00C04F79EFBC}") = "Try i Try parse", "Try i Try parse\Try i Try parse.csproj", "{4C6AC3E5-2287-4B52-9A3E-31564EF22051}"
EndProject
Project("{FAE04EC0-301F-11D3-BF4B-00C04F79EFBC}") = "Metode", "Metode\Metode.csproj", "{73BB3DD7-CF80-4B2F-B4C6-476819F1B01A}"
EndProject
Project("{FAE04EC0-301F-11D3-BF4B-00C04F79EFBC}") = "POSv1", "POSv1\POSv1.csproj", "{3A1DA096-F34A-4218-B2F7-B7500A4964D5}"
EndProject
Project("{FAE04EC0-301F-11D3-BF4B-00C04F79EFBC}") = "POSv2", "POSv2\POSv2.csproj", "{974BED5C-5E89-432A-98C3-DDB565CF79AC}"
EndProject
Project("{FAE04EC0-301F-11D3-BF4B-00C04F79EFBC}") = "Mine", "Mine\Mine.csproj", "{A9902F29-30F0-4DDC-8874-54733BD6DA93}"
EndProject
Project("{FAE04EC0-301F-11D3-BF4B-00C04F79EFBC}") = "Fajlovi", "Fajlovi\Fajlovi.csproj", "{05159C69-3C7C-445A-A9AB-BEBD0AF0BAB5}"
EndProject
Project("{FAE04EC0-301F-11D3-BF4B-00C04F79EFBC}") = "Liste", "Liste\Liste.csproj", "{08B259FC-D927-492E-A7CE-88904E284F9D}"
EndProject
Project("{2150E333-8FDC-42A3-9474-1A3956D46DE8}") = "OOP", "OOP", "{0ECAD66E-3A19-4F45-BEF0-6E326563C58E}"
EndProject
Project("{FAE04EC0-301F-11D3-BF4B-00C04F79EFBC}") = "POSvOOP", "POSvOOP\POSvOOP.csproj", "{00764A08-0492-49FF-87C1-8B668FD8F63D}"
EndProject
Project("{2150E333-8FDC-42A3-9474-1A3956D46DE8}") = "POS", "POS", "{559175BC-B457-489D-91AA-BE1CDC86156B}"
EndProject
Project("{9A19103F-16F7-4668-BE54-9A1E7A4F7556}") = "PoslovniObjekti", "PoslovniObjekti\PoslovniObjekti.csproj", "{EF72FC6A-6DF4-4CB1-9423-74033E4C9217}"
EndProject
Project("{FAE04EC0-301F-11D3-BF4B-00C04F79EFBC}") = "Static", "Static\Static.csproj", "{6369801E-7F46-40C9-BDA3-EBFB410EEFC6}"
EndProject
Project("{2150E333-8FDC-42A3-9474-1A3956D46DE8}") = "POSv2", "POSv2", "{5C33C8A9-097B-434C-8FB3-DDB194AF2B60}"
EndProject
Project("{FAE04EC0-301F-11D3-BF4B-00C04F79EFBC}") = "POSV2OOP", "POSV2OOP\POSV2OOP.csproj", "{37056CFF-44DC-4240-8B6B-F3E9C568E965}"
EndProject
Project("{9A19103F-16F7-4668-BE54-9A1E7A4F7556}") = "BO", "BO\BO.csproj", "{6B2DA750-03DE-4BCE-BF2D-C53A94E7FEC3}"
EndProject
Project("{2150E333-8FDC-42A3-9474-1A3956D46DE8}") = "WPF", "WPF", "{FC9037F7-13FA-4820-B906-CAF21ECF83EE}"
EndProject
Project("{FAE04EC0-301F-11D3-BF4B-00C04F79EFBC}") = "WPF", "WPF\WPF.csproj", "{18920B86-0445-467B-BA5C-7C6354878FAB}"
EndProject
Project("{FAE04EC0-301F-11D3-BF4B-00C04F79EFBC}") = "WpfArtikal", "..\Wpfa\WpfArtikal.csproj", "{ADEB31DC-5427-468F-9AB1-F430120F4259}"
EndProject
Project("{FAE04EC0-301F-11D3-BF4B-00C04F79EFBC}") = "Calc", "Calc\Calc.csproj", "{C48FF1E7-02C7-465E-A7A3-D4790CE57E15}"
EndProject
Global
	GlobalSection(SolutionConfigurationPlatforms) = preSolution
		Debug|Any CPU = Debug|Any CPU
		Release|Any CPU = Release|Any CPU
	EndGlobalSection
	GlobalSection(ProjectConfigurationPlatforms) = postSolution
		{692F9A01-7037-475E-813A-9D646EBA79F6}.Debug|Any CPU.ActiveCfg = Debug|Any CPU
		{692F9A01-7037-475E-813A-9D646EBA79F6}.Debug|Any CPU.Build.0 = Debug|Any CPU
		{692F9A01-7037-475E-813A-9D646EBA79F6}.Release|Any CPU.ActiveCfg = Release|Any CPU
		{692F9A01-7037-475E-813A-9D646EBA79F6}.Release|Any CPU.Build.0 = Release|Any CPU
		{D5D16EDC-A3A2-43B9-BB4F-089778CFDBBB}.Debug|Any CPU.ActiveCfg = Debug|Any CPU
		{D5D16EDC-A3A2-43B9-BB4F-089778CFDBBB}.Debug|Any CPU.Build.0 = Debug|Any CPU
		{D5D16EDC-A3A2-43B9-BB4F-089778CFDBBB}.Release|Any CPU.ActiveCfg = Release|Any CPU
		{D5D16EDC-A3A2-43B9-BB4F-089778CFDBBB}.Release|Any CPU.Build.0 = Release|Any CPU
		{03C54BAA-7C18-4B0D-8DA7-6ED1939D9EA2}.Debug|Any CPU.ActiveCfg = Debug|Any CPU
		{03C54BAA-7C18-4B0D-8DA7-6ED1939D9EA2}.Debug|Any CPU.Build.0 = Debug|Any CPU
		{03C54BAA-7C18-4B0D-8DA7-6ED1939D9EA2}.Release|Any CPU.ActiveCfg = Release|Any CPU
		{03C54BAA-7C18-4B0D-8DA7-6ED1939D9EA2}.Release|Any CPU.Build.0 = Release|Any CPU
		{220F4D06-65C3-487E-8FE6-EC136548C1A3}.Debug|Any CPU.ActiveCfg = Debug|Any CPU
		{220F4D06-65C3-487E-8FE6-EC136548C1A3}.Debug|Any CPU.Build.0 = Debug|Any CPU
		{220F4D06-65C3-487E-8FE6-EC136548C1A3}.Release|Any CPU.ActiveCfg = Release|Any CPU
		{220F4D06-65C3-487E-8FE6-EC136548C1A3}.Release|Any CPU.Build.0 = Release|Any CPU
		{AF0A8C57-EF2F-42E4-BE5C-8D248641B762}.Debug|Any CPU.ActiveCfg = Debug|Any CPU
		{AF0A8C57-EF2F-42E4-BE5C-8D248641B762}.Debug|Any CPU.Build.0 = Debug|Any CPU
		{AF0A8C57-EF2F-42E4-BE5C-8D248641B762}.Release|Any CPU.ActiveCfg = Release|Any CPU
		{AF0A8C57-EF2F-42E4-BE5C-8D248641B762}.Release|Any CPU.Build.0 = Release|Any CPU
		{78A0A214-3870-4CF4-A789-4A64AB142327}.Debug|Any CPU.ActiveCfg = Debug|Any CPU
		{78A0A214-3870-4CF4-A789-4A64AB142327}.Debug|Any CPU.Build.0 = Debug|Any CPU
		{78A0A214-3870-4CF4-A789-4A64AB142327}.Release|Any CPU.ActiveCfg = Release|Any CPU
		{78A0A214-3870-4CF4-A789-4A64AB142327}.Release|Any CPU.Build.0 = Release|Any CPU
		{D3FB09A2-9C9D-4E20-8B96-EB28A724AB8A}.Debug|Any CPU.ActiveCfg = Debug|Any CPU
		{D3FB09A2-9C9D-4E20-8B96-EB28A724AB8A}.Debug|Any CPU.Build.0 = Debug|Any CPU
		{D3FB09A2-9C9D-4E20-8B96-EB28A724AB8A}.Release|Any CPU.ActiveCfg = Release|Any CPU
		{D3FB09A2-9C9D-4E20-8B96-EB28A724AB8A}.Release|Any CPU.Build.0 = Release|Any CPU
		{2B2B1CC0-C50A-4556-BF60-3E1BF5D98420}.Debug|Any CPU.ActiveCfg = Debug|Any CPU
		{2B2B1CC0-C50A-4556-BF60-3E1BF5D98420}.Debug|Any CPU.Build.0 = Debug|Any CPU
		{2B2B1CC0-C50A-4556-BF60-3E1BF5D98420}.Release|Any CPU.ActiveCfg = Release|Any CPU
		{2B2B1CC0-C50A-4556-BF60-3E1BF5D98420}.Release|Any CPU.Build.0 = Release|Any CPU
		{F4B18EC9-6DFF-480C-9201-6CD0D75E8994}.Debug|Any CPU.ActiveCfg = Debug|Any CPU
		{F4B18EC9-6DFF-480C-9201-6CD0D75E8994}.Debug|Any CPU.Build.0 = Debug|Any CPU
		{F4B18EC9-6DFF-480C-9201-6CD0D75E8994}.Release|Any CPU.ActiveCfg = Release|Any CPU
		{F4B18EC9-6DFF-480C-9201-6CD0D75E8994}.Release|Any CPU.Build.0 = Release|Any CPU
		{1AA8B953-28A8-4470-9EB4-CF0184A33188}.Debug|Any CPU.ActiveCfg = Debug|Any CPU
		{1AA8B953-28A8-4470-9EB4-CF0184A33188}.Debug|Any CPU.Build.0 = Debug|Any CPU
		{1AA8B953-28A8-4470-9EB4-CF0184A33188}.Release|Any CPU.ActiveCfg = Release|Any CPU
		{1AA8B953-28A8-4470-9EB4-CF0184A33188}.Release|Any CPU.Build.0 = Release|Any CPU
		{3A6F4666-8746-4061-851E-78C9FF61FAD6}.Debug|Any CPU.ActiveCfg = Debug|Any CPU
		{3A6F4666-8746-4061-851E-78C9FF61FAD6}.Debug|Any CPU.Build.0 = Debug|Any CPU
		{3A6F4666-8746-4061-851E-78C9FF61FAD6}.Release|Any CPU.ActiveCfg = Release|Any CPU
		{3A6F4666-8746-4061-851E-78C9FF61FAD6}.Release|Any CPU.Build.0 = Release|Any CPU
		{68A75901-CB58-4D1E-886A-401A1677D585}.Debug|Any CPU.ActiveCfg = Debug|Any CPU
		{68A75901-CB58-4D1E-886A-401A1677D585}.Debug|Any CPU.Build.0 = Debug|Any CPU
		{68A75901-CB58-4D1E-886A-401A1677D585}.Release|Any CPU.ActiveCfg = Release|Any CPU
		{68A75901-CB58-4D1E-886A-401A1677D585}.Release|Any CPU.Build.0 = Release|Any CPU
		{E36B38F3-8C99-488C-A121-660BF691852D}.Debug|Any CPU.ActiveCfg = Debug|Any CPU
		{E36B38F3-8C99-488C-A121-660BF691852D}.Debug|Any CPU.Build.0 = Debug|Any CPU
		{E36B38F3-8C99-488C-A121-660BF691852D}.Release|Any CPU.ActiveCfg = Release|Any CPU
		{E36B38F3-8C99-488C-A121-660BF691852D}.Release|Any CPU.Build.0 = Release|Any CPU
		{45E1ECC6-3582-4B2D-8D1D-B9BAC91E4640}.Debug|Any CPU.ActiveCfg = Debug|Any CPU
		{45E1ECC6-3582-4B2D-8D1D-B9BAC91E4640}.Debug|Any CPU.Build.0 = Debug|Any CPU
		{45E1ECC6-3582-4B2D-8D1D-B9BAC91E4640}.Release|Any CPU.ActiveCfg = Release|Any CPU
		{45E1ECC6-3582-4B2D-8D1D-B9BAC91E4640}.Release|Any CPU.Build.0 = Release|Any CPU
		{4C6AC3E5-2287-4B52-9A3E-31564EF22051}.Debug|Any CPU.ActiveCfg = Debug|Any CPU
		{4C6AC3E5-2287-4B52-9A3E-31564EF22051}.Debug|Any CPU.Build.0 = Debug|Any CPU
		{4C6AC3E5-2287-4B52-9A3E-31564EF22051}.Release|Any CPU.ActiveCfg = Release|Any CPU
		{4C6AC3E5-2287-4B52-9A3E-31564EF22051}.Release|Any CPU.Build.0 = Release|Any CPU
		{73BB3DD7-CF80-4B2F-B4C6-476819F1B01A}.Debug|Any CPU.ActiveCfg = Debug|Any CPU
		{73BB3DD7-CF80-4B2F-B4C6-476819F1B01A}.Debug|Any CPU.Build.0 = Debug|Any CPU
		{73BB3DD7-CF80-4B2F-B4C6-476819F1B01A}.Release|Any CPU.ActiveCfg = Release|Any CPU
		{73BB3DD7-CF80-4B2F-B4C6-476819F1B01A}.Release|Any CPU.Build.0 = Release|Any CPU
		{3A1DA096-F34A-4218-B2F7-B7500A4964D5}.Debug|Any CPU.ActiveCfg = Debug|Any CPU
		{3A1DA096-F34A-4218-B2F7-B7500A4964D5}.Debug|Any CPU.Build.0 = Debug|Any CPU
		{3A1DA096-F34A-4218-B2F7-B7500A4964D5}.Release|Any CPU.ActiveCfg = Release|Any CPU
		{3A1DA096-F34A-4218-B2F7-B7500A4964D5}.Release|Any CPU.Build.0 = Release|Any CPU
		{974BED5C-5E89-432A-98C3-DDB565CF79AC}.Debug|Any CPU.ActiveCfg = Debug|Any CPU
		{974BED5C-5E89-432A-98C3-DDB565CF79AC}.Debug|Any CPU.Build.0 = Debug|Any CPU
		{974BED5C-5E89-432A-98C3-DDB565CF79AC}.Release|Any CPU.ActiveCfg = Release|Any CPU
		{974BED5C-5E89-432A-98C3-DDB565CF79AC}.Release|Any CPU.Build.0 = Release|Any CPU
		{A9902F29-30F0-4DDC-8874-54733BD6DA93}.Debug|Any CPU.ActiveCfg = Debug|Any CPU
		{A9902F29-30F0-4DDC-8874-54733BD6DA93}.Debug|Any CPU.Build.0 = Debug|Any CPU
		{A9902F29-30F0-4DDC-8874-54733BD6DA93}.Release|Any CPU.ActiveCfg = Release|Any CPU
		{A9902F29-30F0-4DDC-8874-54733BD6DA93}.Release|Any CPU.Build.0 = Release|Any CPU
		{05159C69-3C7C-445A-A9AB-BEBD0AF0BAB5}.Debug|Any CPU.ActiveCfg = Debug|Any CPU
		{05159C69-3C7C-445A-A9AB-BEBD0AF0BAB5}.Debug|Any CPU.Build.0 = Debug|Any CPU
		{05159C69-3C7C-445A-A9AB-BEBD0AF0BAB5}.Release|Any CPU.ActiveCfg = Release|Any CPU
		{05159C69-3C7C-445A-A9AB-BEBD0AF0BAB5}.Release|Any CPU.Build.0 = Release|Any CPU
		{08B259FC-D927-492E-A7CE-88904E284F9D}.Debug|Any CPU.ActiveCfg = Debug|Any CPU
		{08B259FC-D927-492E-A7CE-88904E284F9D}.Debug|Any CPU.Build.0 = Debug|Any CPU
		{08B259FC-D927-492E-A7CE-88904E284F9D}.Release|Any CPU.ActiveCfg = Release|Any CPU
		{08B259FC-D927-492E-A7CE-88904E284F9D}.Release|Any CPU.Build.0 = Release|Any CPU
		{00764A08-0492-49FF-87C1-8B668FD8F63D}.Debug|Any CPU.ActiveCfg = Debug|Any CPU
		{00764A08-0492-49FF-87C1-8B668FD8F63D}.Debug|Any CPU.Build.0 = Debug|Any CPU
		{00764A08-0492-49FF-87C1-8B668FD8F63D}.Release|Any CPU.ActiveCfg = Release|Any CPU
		{00764A08-0492-49FF-87C1-8B668FD8F63D}.Release|Any CPU.Build.0 = Release|Any CPU
		{EF72FC6A-6DF4-4CB1-9423-74033E4C9217}.Debug|Any CPU.ActiveCfg = Debug|Any CPU
		{EF72FC6A-6DF4-4CB1-9423-74033E4C9217}.Debug|Any CPU.Build.0 = Debug|Any CPU
		{EF72FC6A-6DF4-4CB1-9423-74033E4C9217}.Release|Any CPU.ActiveCfg = Release|Any CPU
		{EF72FC6A-6DF4-4CB1-9423-74033E4C9217}.Release|Any CPU.Build.0 = Release|Any CPU
		{6369801E-7F46-40C9-BDA3-EBFB410EEFC6}.Debug|Any CPU.ActiveCfg = Debug|Any CPU
		{6369801E-7F46-40C9-BDA3-EBFB410EEFC6}.Debug|Any CPU.Build.0 = Debug|Any CPU
		{6369801E-7F46-40C9-BDA3-EBFB410EEFC6}.Release|Any CPU.ActiveCfg = Release|Any CPU
		{6369801E-7F46-40C9-BDA3-EBFB410EEFC6}.Release|Any CPU.Build.0 = Release|Any CPU
		{37056CFF-44DC-4240-8B6B-F3E9C568E965}.Debug|Any CPU.ActiveCfg = Debug|Any CPU
		{37056CFF-44DC-4240-8B6B-F3E9C568E965}.Debug|Any CPU.Build.0 = Debug|Any CPU
		{37056CFF-44DC-4240-8B6B-F3E9C568E965}.Release|Any CPU.ActiveCfg = Release|Any CPU
		{37056CFF-44DC-4240-8B6B-F3E9C568E965}.Release|Any CPU.Build.0 = Release|Any CPU
		{6B2DA750-03DE-4BCE-BF2D-C53A94E7FEC3}.Debug|Any CPU.ActiveCfg = Debug|Any CPU
		{6B2DA750-03DE-4BCE-BF2D-C53A94E7FEC3}.Debug|Any CPU.Build.0 = Debug|Any CPU
		{6B2DA750-03DE-4BCE-BF2D-C53A94E7FEC3}.Release|Any CPU.ActiveCfg = Release|Any CPU
		{6B2DA750-03DE-4BCE-BF2D-C53A94E7FEC3}.Release|Any CPU.Build.0 = Release|Any CPU
		{18920B86-0445-467B-BA5C-7C6354878FAB}.Debug|Any CPU.ActiveCfg = Debug|Any CPU
		{18920B86-0445-467B-BA5C-7C6354878FAB}.Debug|Any CPU.Build.0 = Debug|Any CPU
		{18920B86-0445-467B-BA5C-7C6354878FAB}.Release|Any CPU.ActiveCfg = Release|Any CPU
		{18920B86-0445-467B-BA5C-7C6354878FAB}.Release|Any CPU.Build.0 = Release|Any CPU
		{ADEB31DC-5427-468F-9AB1-F430120F4259}.Debug|Any CPU.ActiveCfg = Debug|Any CPU
		{ADEB31DC-5427-468F-9AB1-F430120F4259}.Debug|Any CPU.Build.0 = Debug|Any CPU
		{ADEB31DC-5427-468F-9AB1-F430120F4259}.Release|Any CPU.ActiveCfg = Release|Any CPU
		{ADEB31DC-5427-468F-9AB1-F430120F4259}.Release|Any CPU.Build.0 = Release|Any CPU
		{C48FF1E7-02C7-465E-A7A3-D4790CE57E15}.Debug|Any CPU.ActiveCfg = Debug|Any CPU
		{C48FF1E7-02C7-465E-A7A3-D4790CE57E15}.Debug|Any CPU.Build.0 = Debug|Any CPU
		{C48FF1E7-02C7-465E-A7A3-D4790CE57E15}.Release|Any CPU.ActiveCfg = Release|Any CPU
		{C48FF1E7-02C7-465E-A7A3-D4790CE57E15}.Release|Any CPU.Build.0 = Release|Any CPU
	EndGlobalSection
	GlobalSection(SolutionProperties) = preSolution
		HideSolutionNode = FALSE
	EndGlobalSection
	GlobalSection(NestedProjects) = preSolution
		{220F4D06-65C3-487E-8FE6-EC136548C1A3} = {02541FB0-0DDE-4060-8422-816F598D2305}
		{78A0A214-3870-4CF4-A789-4A64AB142327} = {02541FB0-0DDE-4060-8422-816F598D2305}
		{D3FB09A2-9C9D-4E20-8B96-EB28A724AB8A} = {02541FB0-0DDE-4060-8422-816F598D2305}
		{1AA8B953-28A8-4470-9EB4-CF0184A33188} = {10B7148E-8BE5-4704-8494-2C66DCD50A3B}
		{3A6F4666-8746-4061-851E-78C9FF61FAD6} = {10B7148E-8BE5-4704-8494-2C66DCD50A3B}
		{68A75901-CB58-4D1E-886A-401A1677D585} = {10B7148E-8BE5-4704-8494-2C66DCD50A3B}
		{E36B38F3-8C99-488C-A121-660BF691852D} = {10B7148E-8BE5-4704-8494-2C66DCD50A3B}
		{45E1ECC6-3582-4B2D-8D1D-B9BAC91E4640} = {10B7148E-8BE5-4704-8494-2C66DCD50A3B}
		{3A1DA096-F34A-4218-B2F7-B7500A4964D5} = {10B7148E-8BE5-4704-8494-2C66DCD50A3B}
		{974BED5C-5E89-432A-98C3-DDB565CF79AC} = {10B7148E-8BE5-4704-8494-2C66DCD50A3B}
		{A9902F29-30F0-4DDC-8874-54733BD6DA93} = {02541FB0-0DDE-4060-8422-816F598D2305}
		{00764A08-0492-49FF-87C1-8B668FD8F63D} = {559175BC-B457-489D-91AA-BE1CDC86156B}
		{559175BC-B457-489D-91AA-BE1CDC86156B} = {0ECAD66E-3A19-4F45-BEF0-6E326563C58E}
		{EF72FC6A-6DF4-4CB1-9423-74033E4C9217} = {559175BC-B457-489D-91AA-BE1CDC86156B}
		{6369801E-7F46-40C9-BDA3-EBFB410EEFC6} = {0ECAD66E-3A19-4F45-BEF0-6E326563C58E}
		{5C33C8A9-097B-434C-8FB3-DDB194AF2B60} = {0ECAD66E-3A19-4F45-BEF0-6E326563C58E}
		{37056CFF-44DC-4240-8B6B-F3E9C568E965} = {5C33C8A9-097B-434C-8FB3-DDB194AF2B60}
		{6B2DA750-03DE-4BCE-BF2D-C53A94E7FEC3} = {5C33C8A9-097B-434C-8FB3-DDB194AF2B60}
		{18920B86-0445-467B-BA5C-7C6354878FAB} = {FC9037F7-13FA-4820-B906-CAF21ECF83EE}
		{ADEB31DC-5427-468F-9AB1-F430120F4259} = {FC9037F7-13FA-4820-B906-CAF21ECF83EE}
		{C48FF1E7-02C7-465E-A7A3-D4790CE57E15} = {FC9037F7-13FA-4820-B906-CAF21ECF83EE}
	EndGlobalSection
	GlobalSection(ExtensibilityGlobals) = postSolution
		SolutionGuid = {5639B62F-32CD-4402-9E31-A5AAE9F6F9F7}
	EndGlobalSection
EndGlobal
