
Microsoft Visual Studio Solution File, Format Version 12.00
# Visual Studio Version 16
VisualStudioVersion = 16.0.29418.71
MinimumVisualStudioVersion = 10.0.40219.1
Project("{FAE04EC0-301F-11D3-BF4B-00C04F79EFBC}") = "Sifriranje", "Sifriranje\Sifriranje.csproj", "{E36B38F3-8C99-488C-A121-660BF691852D}"
EndProject
Global
	GlobalSection(SolutionConfigurationPlatforms) = preSolution
		Debug|Any CPU = Debug|Any CPU
		Release|Any CPU = Release|Any CPU
	EndGlobalSection
	GlobalSection(ProjectConfigurationPlatforms) = postSolution
		{E36B38F3-8C99-488C-A121-660BF691852D}.Debug|Any CPU.ActiveCfg = Debug|Any CPU
		{E36B38F3-8C99-488C-A121-660BF691852D}.Debug|Any CPU.Build.0 = Debug|Any CPU
		{E36B38F3-8C99-488C-A121-660BF691852D}.Release|Any CPU.ActiveCfg = Release|Any CPU
		{E36B38F3-8C99-488C-A121-660BF691852D}.Release|Any CPU.Build.0 = Release|Any CPU
	EndGlobalSection
	GlobalSection(SolutionProperties) = preSolution
		HideSolutionNode = FALSE
	EndGlobalSection
	GlobalSection(ExtensibilityGlobals) = postSolution
		SolutionGuid = {AEC0980F-62FF-4AD4-BC80-81EB476C01FF}
	EndGlobalSection
EndGlobal
