
Microsoft Visual Studio Solution File, Format Version 12.00
# Visual Studio Version 16
VisualStudioVersion = 16.0.29418.71
MinimumVisualStudioVersion = 10.0.40219.1
Project("{FAE04EC0-301F-11D3-BF4B-00C04F79EFBC}") = "Kolatz", "Kolatz\Kolatz.csproj", "{3A6F4666-8746-4061-851E-78C9FF61FAD6}"
EndProject
Global
	GlobalSection(SolutionConfigurationPlatforms) = preSolution
		Debug|Any CPU = Debug|Any CPU
		Release|Any CPU = Release|Any CPU
	EndGlobalSection
	GlobalSection(ProjectConfigurationPlatforms) = postSolution
		{3A6F4666-8746-4061-851E-78C9FF61FAD6}.Debug|Any CPU.ActiveCfg = Debug|Any CPU
		{3A6F4666-8746-4061-851E-78C9FF61FAD6}.Debug|Any CPU.Build.0 = Debug|Any CPU
		{3A6F4666-8746-4061-851E-78C9FF61FAD6}.Release|Any CPU.ActiveCfg = Release|Any CPU
		{3A6F4666-8746-4061-851E-78C9FF61FAD6}.Release|Any CPU.Build.0 = Release|Any CPU
	EndGlobalSection
	GlobalSection(SolutionProperties) = preSolution
		HideSolutionNode = FALSE
	EndGlobalSection
	GlobalSection(ExtensibilityGlobals) = postSolution
		SolutionGuid = {F4C1BEBE-3126-42C6-906B-D8E8CD2E6B56}
	EndGlobalSection
EndGlobal
