
Microsoft Visual Studio Solution File, Format Version 12.00
# Visual Studio Version 16
VisualStudioVersion = 16.0.29418.71
MinimumVisualStudioVersion = 10.0.40219.1
Project("{FAE04EC0-301F-11D3-BF4B-00C04F79EFBC}") = "FizzBuzz", "FizzBuzz\FizzBuzz.csproj", "{1AA8B953-28A8-4470-9EB4-CF0184A33188}"
EndProject
Global
	GlobalSection(SolutionConfigurationPlatforms) = preSolution
		Debug|Any CPU = Debug|Any CPU
		Release|Any CPU = Release|Any CPU
	EndGlobalSection
	GlobalSection(ProjectConfigurationPlatforms) = postSolution
		{1AA8B953-28A8-4470-9EB4-CF0184A33188}.Debug|Any CPU.ActiveCfg = Debug|Any CPU
		{1AA8B953-28A8-4470-9EB4-CF0184A33188}.Debug|Any CPU.Build.0 = Debug|Any CPU
		{1AA8B953-28A8-4470-9EB4-CF0184A33188}.Release|Any CPU.ActiveCfg = Release|Any CPU
		{1AA8B953-28A8-4470-9EB4-CF0184A33188}.Release|Any CPU.Build.0 = Release|Any CPU
	EndGlobalSection
	GlobalSection(SolutionProperties) = preSolution
		HideSolutionNode = FALSE
	EndGlobalSection
	GlobalSection(ExtensibilityGlobals) = postSolution
		SolutionGuid = {4391753A-D7B3-4CC9-B4D2-3639BD38A3BC}
	EndGlobalSection
EndGlobal
